
Microsoft Visual Studio Solution File, Format Version 12.00
# Visual Studio Version 17
VisualStudioVersion = 17.14.36414.22 d17.14
MinimumVisualStudioVersion = 10.0.40219.1
Project("{FAE04EC0-301F-11D3-BF4B-00C04F79EFBC}") = "Laboratoy work 10", "Laboratoy work 10.csproj", "{7A1B8B2A-EF6D-4C8E-82FF-0EF8C9168052}"
EndProject
Global
	GlobalSection(SolutionConfigurationPlatforms) = preSolution
		Debug|Any CPU = Debug|Any CPU
		Release|Any CPU = Release|Any CPU
	EndGlobalSection
	GlobalSection(ProjectConfigurationPlatforms) = postSolution
		{7A1B8B2A-EF6D-4C8E-82FF-0EF8C9168052}.Debug|Any CPU.ActiveCfg = Debug|Any CPU
		{7A1B8B2A-EF6D-4C8E-82FF-0EF8C9168052}.Debug|Any CPU.Build.0 = Debug|Any CPU
		{7A1B8B2A-EF6D-4C8E-82FF-0EF8C9168052}.Release|Any CPU.ActiveCfg = Release|Any CPU
		{7A1B8B2A-EF6D-4C8E-82FF-0EF8C9168052}.Release|Any CPU.Build.0 = Release|Any CPU
	EndGlobalSection
	GlobalSection(SolutionProperties) = preSolution
		HideSolutionNode = FALSE
	EndGlobalSection
	GlobalSection(ExtensibilityGlobals) = postSolution
		SolutionGuid = {449790F6-F428-41BF-A3CB-3EC3F30C23C3}
	EndGlobalSection
EndGlobal
